
Microsoft Visual Studio Solution File, Format Version 12.00
# Visual Studio Version 16
VisualStudioVersion = 16.0.32106.194
MinimumVisualStudioVersion = 10.0.40219.1
Project("{FAE04EC0-301F-11D3-BF4B-00C04F79EFBC}") = "WpfApp10", "WpfApp10\WpfApp10.csproj", "{09DDF19F-3036-49B4-879B-B9D126D09826}"
EndProject
Global
	GlobalSection(SolutionConfigurationPlatforms) = preSolution
		Debug|Any CPU = Debug|Any CPU
		Release|Any CPU = Release|Any CPU
	EndGlobalSection
	GlobalSection(ProjectConfigurationPlatforms) = postSolution
		{09DDF19F-3036-49B4-879B-B9D126D09826}.Debug|Any CPU.ActiveCfg = Debug|Any CPU
		{09DDF19F-3036-49B4-879B-B9D126D09826}.Debug|Any CPU.Build.0 = Debug|Any CPU
		{09DDF19F-3036-49B4-879B-B9D126D09826}.Release|Any CPU.ActiveCfg = Release|Any CPU
		{09DDF19F-3036-49B4-879B-B9D126D09826}.Release|Any CPU.Build.0 = Release|Any CPU
	EndGlobalSection
	GlobalSection(SolutionProperties) = preSolution
		HideSolutionNode = FALSE
	EndGlobalSection
	GlobalSection(ExtensibilityGlobals) = postSolution
		SolutionGuid = {96244914-EA8E-4060-97C0-C7C380E2FEC3}
	EndGlobalSection
EndGlobal
